version = 1
revision = 3
requires-python = ">=3.11"

[[package]]
name = "eatlang"
version = "0.0.1"
source = { virtual = "." }
dependencies = [
    { name = "llvmlite" },
]

[package.metadata]
requires-dist = [{ name = "llvmlite", specifier = ">=0.48.0" }]

[[package]]
name = "llvmlite"
version = "0.48.0"
source = { registry = "https://pypi.org/simple" }
sdist = { url = "https://files.pythonhosted.org/packages/dc/a0/acc8ffcd5bdc63df0097e22c719bfcd61b604358343089313a8aebbb24ab/llvmlite-0.48.0.tar.gz", hash = "sha256:543b19f9ef8f3c7c60d1468191e4ee1b1537bf9f8a3d56f64c0ddd98de92edd2", size = 184016, upload-time = "2026-07-02T20:20:05.308Z" }
wheels = [
    { url = "https://files.pythonhosted.org/packages/9a/55/595981f14fbae9ba966feb12af552b1fe69889e44e64ac883a731ed335e0/llvmlite-0.48.0-cp311-cp311-macosx_12_0_arm64.whl", hash = "sha256:56a7e24607d3f02d7b1bae8d29c7e1e423d53143d68b072999777f19678fe77b", size = 40480651, upload-time = "2026-07-01T18:41:18.438Z" },
    { url = "https://files.pythonhosted.org/packages/26/08/0109d1b9cb3f4603f3890e30bc66c65332b79185f12a045343b2ae431f67/llvmlite-0.48.0-cp311-cp311-manylinux2014_x86_64.manylinux_2_17_x86_64.whl", hash = "sha256:6fa532d6bb3fd3f0803567c736401c54aecfe1a396d3ad25d2440d220e09f0e7", size = 59890118, upload-time = "2026-07-01T18:41:28.184Z" },
    { url = "https://files.pythonhosted.org/packages/02/eb/c5281be180c789cdffbf45b671884c57d7e61345ef3b0f643a4965e108e8/llvmlite-0.48.0-cp311-cp311-manylinux_2_27_aarch64.manylinux_2_28_aarch64.whl", hash = "sha256:979a66a3f28a02565383ff463527dce78e9b856298872a361283132488e83591", size = 58343458, upload-time = "2026-07-01T18:41:23.397Z" },
    { url = "https://files.pythonhosted.org/packages/aa/f7/b3222b13f2d424dae3c9e63fde476af25ebccf1f3faf0b52d1b79fc15c70/llvmlite-0.48.0-cp311-cp311-win_amd64.whl", hash = "sha256:efaee0276e5e17c2b99b92e0c974bd484ef5977cf5dbc9168e82b71578edb47f", size = 41864734, upload-time = "2026-07-01T18:41:31.932Z" },
    { url = "https://files.pythonhosted.org/packages/92/a2/28696a9e61e245d1a79816d29d106692a90a2b6e7d78c98b326db70827af/llvmlite-0.48.0-cp312-cp312-macosx_12_0_arm64.whl", hash = "sha256:d66c3beb4209087ddd4cf4ed2a0856b6887e6a913bdcf1aacfec9851cf2cba4e", size = 40480651, upload-time = "2026-07-01T18:41:35.694Z" },
    { url = "https://files.pythonhosted.org/packages/80/f2/72409351db66d0a317ec5087e076f31fb7b773a640db8a90ce6b5cac9edd/llvmlite-0.48.0-cp312-cp312-manylinux2014_x86_64.manylinux_2_17_x86_64.whl", hash = "sha256:416fa4c2c66c2c6dc6d0a402648c19206e548efa0aa1eff01ad5cdad0af8217d", size = 59890118, upload-time = "2026-07-01T18:41:44.886Z" },
    { url = "https://files.pythonhosted.org/packages/3a/27/5ae2f3722606360480707adb47f001ad89df8251d06b14ee80336e660b66/llvmlite-0.48.0-cp312-cp312-manylinux_2_27_aarch64.manylinux_2_28_aarch64.whl", hash = "sha256:f5e5a5131045b72345c71062ea1a91910dde913792b6c9b28ebb2c1c0a712e98", size = 58343459, upload-time = "2026-07-01T18:41:40.306Z" },
    { url = "https://files.pythonhosted.org/packages/16/78/d824ffff7521cd140dc2006e44ce2bc82e64b48d1b32e90e956308c85a74/llvmlite-0.48.0-cp312-cp312-win_amd64.whl", hash = "sha256:d45c7541a80934ec6d8ab0defe67439494ecd2193cbf852a44ba827808976ac1", size = 41865022, upload-time = "2026-07-01T18:41:48.663Z" },
    { url = "https://files.pythonhosted.org/packages/9c/23/fe9316d14626b42c73ef0b502e724705a6ee9450afe53759c0a99c37c2d7/llvmlite-0.48.0-cp313-cp313-macosx_12_0_arm64.whl", hash = "sha256:a83a99ef0c05b4ccddf9b6218ed9fe84b653a0caf7c1d9dbe148d6d16c67f518", size = 40480652, upload-time = "2026-07-01T18:41:52.216Z" },
    { url = "https://files.pythonhosted.org/packages/1b/4a/90715fa12006d681270b08d881195b6fab3ec39572e048764a1f7f59fed7/llvmlite-0.48.0-cp313-cp313-manylinux2014_x86_64.manylinux_2_17_x86_64.whl", hash = "sha256:8761b9e522f55207e24424fcd98370289eec2710bf8e915c82d1053f642450dc", size = 59890120, upload-time = "2026-07-01T18:42:00.748Z" },
    { url = "https://files.pythonhosted.org/packages/70/5e/7b3e20d64650ca3c80af0cdb664ec4b575ec83d9d4dd05bea8bd31f9bbb6/llvmlite-0.48.0-cp313-cp313-manylinux_2_27_aarch64.manylinux_2_28_aarch64.whl", hash = "sha256:2fe5cb59b2063bfa039dcb8ca6481c0181bf552f340d10dcf61d7996a665556e", size = 58343457, upload-time = "2026-07-01T18:41:56.41Z" },
    { url = "https://files.pythonhosted.org/packages/17/97/5a430055d1838cf1fb7a01cfa943300f5e4c026fc6333a522c5e4a03b0c1/llvmlite-0.48.0-cp313-cp313-win_amd64.whl", hash = "sha256:91c7e24e74cde3f02b88aa5acca678373f9e069f3b98531b3dbb3a142d9d10bb", size = 41865022, upload-time = "2026-07-01T18:42:04.57Z" },
    { url = "https://files.pythonhosted.org/packages/8d/8e/8170f2e0c217f88069c333d85bb976e536b332aecfcce606ddbdb249385f/llvmlite-0.48.0-cp314-cp314-macosx_12_0_arm64.whl", hash = "sha256:321f1ac39b462603f0b589751aecf2d237d056f6d005749c1752b6f23ec3f074", size = 40480650, upload-time = "2026-07-01T18:42:07.935Z" },
    { url = "https://files.pythonhosted.org/packages/d6/e1/05b50692b647cac3c18200ac485b04f342f00ed173c9cc46767274469a15/llvmlite-0.48.0-cp314-cp314-manylinux2014_x86_64.manylinux_2_17_x86_64.whl", hash = "sha256:05f0103c8f2f96a37441337e3643863c01b8e83e530aff38960dcb383c54a065", size = 59890115, upload-time = "2026-07-01T18:42:17.805Z" },
    { url = "https://files.pythonhosted.org/packages/f7/c3/470b8c4ff9ae2db2f9cf5c3e73de76ed908a32788ae9eb5602d43e6a476b/llvmlite-0.48.0-cp314-cp314-manylinux_2_27_aarch64.manylinux_2_28_aarch64.whl", hash = "sha256:37d66fae72802175b0bfe1ea06e624b51e2d7aee6c3c34bbd09739b8f88e8e0b", size = 58343457, upload-time = "2026-07-01T18:42:13.217Z" },
    { url = "https://files.pythonhosted.org/packages/c9/2d/6a5171fb7236ac0895e1a02ccba3735bf291e8597239aa6421894d3c0ba8/llvmlite-0.48.0-cp314-cp314-win_amd64.whl", hash = "sha256:966dcab0a598e2bd8fb5f2cc082cf7b07bae564fc485a3a8692393caf986facf", size = 42986372, upload-time = "2026-07-01T18:42:21.483Z" },
    { url = "https://files.pythonhosted.org/packages/94/e3/7a93e09c9f94e637ca90209ceef0334a9a1d45b0bdb7c92ff922d25d6187/llvmlite-0.48.0-cp314-cp314t-macosx_12_0_arm64.whl", hash = "sha256:7a5c413317050a1d67c34708bde97707f9b2257ef1017f7532d21fe7d9a9ff30", size = 40480654, upload-time = "2026-07-01T18:42:25.076Z" },
    { url = "https://files.pythonhosted.org/packages/27/98/a29133b4728671a175f7d616fab8b1c6e1d8c269d1523581d3160697bfb1/llvmlite-0.48.0-cp314-cp314t-manylinux2014_x86_64.manylinux_2_17_x86_64.whl", hash = "sha256:1d9f952dff6c350c529997423d4fa43abae9722a884ac7ffafc37a3af676e7db", size = 59890119, upload-time = "2026-07-01T18:42:33.88Z" },
    { url = "https://files.pythonhosted.org/packages/1a/cf/7aac11a1f1c7ec54b60c7f6814e87561fb6b55b2f290455d7941eb113420/llvmlite-0.48.0-cp314-cp314t-manylinux_2_27_aarch64.manylinux_2_28_aarch64.whl", hash = "sha256:054aa7d46595935565f276cf0c1659b4f10929c996dd4a606875fae26fba2a23", size = 58343460, upload-time = "2026-07-01T18:42:29.545Z" },
    { url = "https://files.pythonhosted.org/packages/db/41/b96f440c7df5ebba07872cad4e30fbc3560387755b1ea0b629adb76d5ca8/llvmlite-0.48.0-cp314-cp314t-win_amd64.whl", hash = "sha256:d0b3c61aac83b42fb48cc96bffbf57c81b82b2aa92276b7ed6420c814629a99a", size = 42986383, upload-time = "2026-07-01T18:42:37.544Z" },
]
